// !$*UTF8*$!
{
	archiveVersion = 1;
	classes = {
	};
	objectVersion = 50;
	objects = {

/* Begin PBXBuildFile section */
		8A95ECE624B6AAD8000A2CC5 /* QuickSwapApp.swift in Sources */ = {isa = PBXBuildFile; fileRef = 8A95ECE524B6AAD8000A2CC5 /* QuickSwapApp.swift */; };
		8A95ECE824B6AAD8000A2CC5 /* ContentView.swift in Sources */ = {isa = PBXBuildFile; fileRef = 8A95ECE724B6AAD8000A2CC5 /* ContentView.swift */; };
		8A95ECEA24B6AAD9000A2CC5 /* Assets.xcassets in Resources */ = {isa = PBXBuildFile; fileRef = 8A95ECE924B6AAD9000A2CC5 /* Assets.xcassets */; };
		8A95ECED24B6AAD9000A2CC5 /* Preview Assets.xcassets in Resources */ = {isa = PBXBuildFile; fileRef = 8A95ECEC24B6AAD9000A2CC5 /* Preview Assets.xcassets */; };
		8A95ECF824B6AADA000A2CC5 /* QuickSwapTests.swift in Sources */ = {isa = PBXBuildFile; fileRef = 8A95ECF724B6AADA000A2CC5 /* QuickSwapTests.swift */; };
		8A95ED0324B6AADA000A2CC5 /* QuickSwapUITests.swift in Sources */ = {isa = PBXBuildFile; fileRef = 8A95ED0224B6AADA000A2CC5 /* QuickSwapUITests.swift */; };
		8A95ED1124B6AB08000A2CC5 /* CurrencySwapView.swift in Sources */ = {isa = PBXBuildFile; fileRef = 8A95ED1024B6AB08000A2CC5 /* CurrencySwapView.swift */; };
		8A95ED1624B88FD1000A2CC5 /* CurrencyRowView.swift in Sources */ = {isa = PBXBuildFile; fileRef = 8A95ED1524B88FD1000A2CC5 /* CurrencyRowView.swift */; };
		8A95ED1824B8A3A0000A2CC5 /* CurrencyListView.swift in Sources */ = {isa = PBXBuildFile; fileRef = 8A95ED1724B8A3A0000A2CC5 /* CurrencyListView.swift */; };
		8A95ED1A24B8B37A000A2CC5 /* CurrencyHeaderView.swift in Sources */ = {isa = PBXBuildFile; fileRef = 8A95ED1924B8B37A000A2CC5 /* CurrencyHeaderView.swift */; };
		8A95ED1D24B8B714000A2CC5 /* CurrencyModels.swift in Sources */ = {isa = PBXBuildFile; fileRef = 8A95ED1C24B8B714000A2CC5 /* CurrencyModels.swift */; };
		8A95ED2024B8BAE6000A2CC5 /* CurrencyService.swift in Sources */ = {isa = PBXBuildFile; fileRef = 8A95ED1F24B8BAE6000A2CC5 /* CurrencyService.swift */; };
/* End PBXBuildFile section */

/* Begin PBXContainerItemProxy section */
		8A95ECF424B6AADA000A2CC5 /* PBXContainerItemProxy */ = {
			isa = PBXContainerItemProxy;
			containerPortal = 8A95ECDA24B6AAD8000A2CC5 /* Project object */;
			proxyType = 1;
			remoteGlobalIDString = 8A95ECE124B6AAD8000A2CC5;
			remoteInfo = QuickSwap;
		};
		8A95ECFF24B6AADA000A2CC5 /* PBXContainerItemProxy */ = {
			isa = PBXContainerItemProxy;
			containerPortal = 8A95ECDA24B6AAD8000A2CC5 /* Project object */;
			proxyType = 1;
			remoteGlobalIDString = 8A95ECE124B6AAD8000A2CC5;
			remoteInfo = QuickSwap;
		};
/* End PBXContainerItemProxy section */

/* Begin PBXFileReference section */
		8A95ECE224B6AAD8000A2CC5 /* QuickSwap.app */ = {isa = PBXFileReference; explicitFileType = wrapper.application; includeInIndex = 0; path = QuickSwap.app; sourceTree = BUILT_PRODUCTS_DIR; };
		8A95ECE524B6AAD8000A2CC5 /* QuickSwapApp.swift */ = {isa = PBXFileReference; lastKnownFileType = sourcecode.swift; path = QuickSwapApp.swift; sourceTree = "<group>"; };
		8A95ECE724B6AAD8000A2CC5 /* ContentView.swift */ = {isa = PBXFileReference; lastKnownFileType = sourcecode.swift; path = ContentView.swift; sourceTree = "<group>"; };
		8A95ECE924B6AAD9000A2CC5 /* Assets.xcassets */ = {isa = PBXFileReference; lastKnownFileType = folder.assetcatalog; path = Assets.xcassets; sourceTree = "<group>"; };
		8A95ECEC24B6AAD9000A2CC5 /* Preview Assets.xcassets */ = {isa = PBXFileReference; lastKnownFileType = folder.assetcatalog; path = "Preview Assets.xcassets"; sourceTree = "<group>"; };
		8A95ECEE24B6AAD9000A2CC5 /* Info.plist */ = {isa = PBXFileReference; lastKnownFileType = text.plist.xml; path = Info.plist; sourceTree = "<group>"; };
		8A95ECF324B6AADA000A2CC5 /* QuickSwapTests.xctest */ = {isa = PBXFileReference; explicitFileType = wrapper.cfbundle; includeInIndex = 0; path = QuickSwapTests.xctest; sourceTree = BUILT_PRODUCTS_DIR; };
		8A95ECF724B6AADA000A2CC5 /* QuickSwapTests.swift */ = {isa = PBXFileReference; lastKnownFileType = sourcecode.swift; path = QuickSwapTests.swift; sourceTree = "<group>"; };
		8A95ECF924B6AADA000A2CC5 /* Info.plist */ = {isa = PBXFileReference; lastKnownFileType = text.plist.xml; path = Info.plist; sourceTree = "<group>"; };
		8A95ECFE24B6AADA000A2CC5 /* QuickSwapUITests.xctest */ = {isa = PBXFileReference; explicitFileType = wrapper.cfbundle; includeInIndex = 0; path = QuickSwapUITests.xctest; sourceTree = BUILT_PRODUCTS_DIR; };
		8A95ED0224B6AADA000A2CC5 /* QuickSwapUITests.swift */ = {isa = PBXFileReference; lastKnownFileType = sourcecode.swift; path = QuickSwapUITests.swift; sourceTree = "<group>"; };
		8A95ED0424B6AADA000A2CC5 /* Info.plist */ = {isa = PBXFileReference; lastKnownFileType = text.plist.xml; path = Info.plist; sourceTree = "<group>"; };
		8A95ED1024B6AB08000A2CC5 /* CurrencySwapView.swift */ = {isa = PBXFileReference; lastKnownFileType = sourcecode.swift; path = CurrencySwapView.swift; sourceTree = "<group>"; };
		8A95ED1524B88FD1000A2CC5 /* CurrencyRowView.swift */ = {isa = PBXFileReference; lastKnownFileType = sourcecode.swift; path = CurrencyRowView.swift; sourceTree = "<group>"; };
		8A95ED1724B8A3A0000A2CC5 /* CurrencyListView.swift */ = {isa = PBXFileReference; lastKnownFileType = sourcecode.swift; path = CurrencyListView.swift; sourceTree = "<group>"; };
		8A95ED1924B8B37A000A2CC5 /* CurrencyHeaderView.swift */ = {isa = PBXFileReference; lastKnownFileType = sourcecode.swift; path = CurrencyHeaderView.swift; sourceTree = "<group>"; };
		8A95ED1C24B8B714000A2CC5 /* CurrencyModels.swift */ = {isa = PBXFileReference; lastKnownFileType = sourcecode.swift; path = CurrencyModels.swift; sourceTree = "<group>"; };
		8A95ED1F24B8BAE6000A2CC5 /* CurrencyService.swift */ = {isa = PBXFileReference; lastKnownFileType = sourcecode.swift; path = CurrencyService.swift; sourceTree = "<group>"; };
/* End PBXFileReference section */

/* Begin PBXFrameworksBuildPhase section */
		8A95ECDF24B6AAD8000A2CC5 /* Frameworks */ = {
			isa = PBXFrameworksBuildPhase;
			buildActionMask = 2147483647;
			files = (
			);
			runOnlyForDeploymentPostprocessing = 0;
		};
		8A95ECF024B6AADA000A2CC5 /* Frameworks */ = {
			isa = PBXFrameworksBuildPhase;
			buildActionMask = 2147483647;
			files = (
			);
			runOnlyForDeploymentPostprocessing = 0;
		};
		8A95ECFB24B6AADA000A2CC5 /* Frameworks */ = {
			isa = PBXFrameworksBuildPhase;
			buildActionMask = 2147483647;
			files = (
			);
			runOnlyForDeploymentPostprocessing = 0;
		};
/* End PBXFrameworksBuildPhase section */

/* Begin PBXGroup section */
		8A95ECD924B6AAD8000A2CC5 = {
			isa = PBXGroup;
			children = (
				8A95ECE424B6AAD8000A2CC5 /* QuickSwap */,
				8A95ECF624B6AADA000A2CC5 /* QuickSwapTests */,
				8A95ED0124B6AADA000A2CC5 /* QuickSwapUITests */,
				8A95ECE324B6AAD8000A2CC5 /* Products */,
			);
			sourceTree = "<group>";
		};
		8A95ECE324B6AAD8000A2CC5 /* Products */ = {
			isa = PBXGroup;
			children = (
				8A95ECE224B6AAD8000A2CC5 /* QuickSwap.app */,
				8A95ECF324B6AADA000A2CC5 /* QuickSwapTests.xctest */,
				8A95ECFE24B6AADA000A2CC5 /* QuickSwapUITests.xctest */,
			);
			name = Products;
			sourceTree = "<group>";
		};
		8A95ECE424B6AAD8000A2CC5 /* QuickSwap */ = {
			isa = PBXGroup;
			children = (
				8A95ED1224B6B34E000A2CC5 /* Currency */,
				8A95ECE524B6AAD8000A2CC5 /* QuickSwapApp.swift */,
				8A95ECE724B6AAD8000A2CC5 /* ContentView.swift */,
				8A95ECE924B6AAD9000A2CC5 /* Assets.xcassets */,
				8A95ECEE24B6AAD9000A2CC5 /* Info.plist */,
				8A95ECEB24B6AAD9000A2CC5 /* Preview Content */,
			);
			path = QuickSwap;
			sourceTree = "<group>";
		};
		8A95ECEB24B6AAD9000A2CC5 /* Preview Content */ = {
			isa = PBXGroup;
			children = (
				8A95ECEC24B6AAD9000A2CC5 /* Preview Assets.xcassets */,
			);
			path = "Preview Content";
			sourceTree = "<group>";
		};
		8A95ECF624B6AADA000A2CC5 /* QuickSwapTests */ = {
			isa = PBXGroup;
			children = (
				8A95ECF724B6AADA000A2CC5 /* QuickSwapTests.swift */,
				8A95ECF924B6AADA000A2CC5 /* Info.plist */,
			);
			path = QuickSwapTests;
			sourceTree = "<group>";
		};
		8A95ED0124B6AADA000A2CC5 /* QuickSwapUITests */ = {
			isa = PBXGroup;
			children = (
				8A95ED0224B6AADA000A2CC5 /* QuickSwapUITests.swift */,
				8A95ED0424B6AADA000A2CC5 /* Info.plist */,
			);
			path = QuickSwapUITests;
			sourceTree = "<group>";
		};
		8A95ED1224B6B34E000A2CC5 /* Currency */ = {
			isa = PBXGroup;
			children = (
				8A95ED1E24B8BADA000A2CC5 /* Networking */,
				8A95ED1B24B8B707000A2CC5 /* Model */,
				8A95ED1024B6AB08000A2CC5 /* CurrencySwapView.swift */,
				8A95ED1524B88FD1000A2CC5 /* CurrencyRowView.swift */,
				8A95ED1724B8A3A0000A2CC5 /* CurrencyListView.swift */,
				8A95ED1924B8B37A000A2CC5 /* CurrencyHeaderView.swift */,
			);
			path = Currency;
			sourceTree = "<group>";
		};
		8A95ED1B24B8B707000A2CC5 /* Model */ = {
			isa = PBXGroup;
			children = (
				8A95ED1C24B8B714000A2CC5 /* CurrencyModels.swift */,
			);
			path = Model;
			sourceTree = "<group>";
		};
		8A95ED1E24B8BADA000A2CC5 /* Networking */ = {
			isa = PBXGroup;
			children = (
				8A95ED1F24B8BAE6000A2CC5 /* CurrencyService.swift */,
			);
			path = Networking;
			sourceTree = "<group>";
		};
/* End PBXGroup section */

/* Begin PBXNativeTarget section */
		8A95ECE124B6AAD8000A2CC5 /* QuickSwap */ = {
			isa = PBXNativeTarget;
			buildConfigurationList = 8A95ED0724B6AADA000A2CC5 /* Build configuration list for PBXNativeTarget "QuickSwap" */;
			buildPhases = (
				8A95ECDE24B6AAD8000A2CC5 /* Sources */,
				8A95ECDF24B6AAD8000A2CC5 /* Frameworks */,
				8A95ECE024B6AAD8000A2CC5 /* Resources */,
			);
			buildRules = (
			);
			dependencies = (
			);
			name = QuickSwap;
			productName = QuickSwap;
			productReference = 8A95ECE224B6AAD8000A2CC5 /* QuickSwap.app */;
			productType = "com.apple.product-type.application";
		};
		8A95ECF224B6AADA000A2CC5 /* QuickSwapTests */ = {
			isa = PBXNativeTarget;
			buildConfigurationList = 8A95ED0A24B6AADA000A2CC5 /* Build configuration list for PBXNativeTarget "QuickSwapTests" */;
			buildPhases = (
				8A95ECEF24B6AADA000A2CC5 /* Sources */,
				8A95ECF024B6AADA000A2CC5 /* Frameworks */,
				8A95ECF124B6AADA000A2CC5 /* Resources */,
			);
			buildRules = (
			);
			dependencies = (
				8A95ECF524B6AADA000A2CC5 /* PBXTargetDependency */,
			);
			name = QuickSwapTests;
			productName = QuickSwapTests;
			productReference = 8A95ECF324B6AADA000A2CC5 /* QuickSwapTests.xctest */;
			productType = "com.apple.product-type.bundle.unit-test";
		};
		8A95ECFD24B6AADA000A2CC5 /* QuickSwapUITests */ = {
			isa = PBXNativeTarget;
			buildConfigurationList = 8A95ED0D24B6AADA000A2CC5 /* Build configuration list for PBXNativeTarget "QuickSwapUITests" */;
			buildPhases = (
				8A95ECFA24B6AADA000A2CC5 /* Sources */,
				8A95ECFB24B6AADA000A2CC5 /* Frameworks */,
				8A95ECFC24B6AADA000A2CC5 /* Resources */,
			);
			buildRules = (
			);
			dependencies = (
				8A95ED0024B6AADA000A2CC5 /* PBXTargetDependency */,
			);
			name = QuickSwapUITests;
			productName = QuickSwapUITests;
			productReference = 8A95ECFE24B6AADA000A2CC5 /* QuickSwapUITests.xctest */;
			productType = "com.apple.product-type.bundle.ui-testing";
		};
/* End PBXNativeTarget section */

/* Begin PBXProject section */
		8A95ECDA24B6AAD8000A2CC5 /* Project object */ = {
			isa = PBXProject;
			attributes = {
				LastSwiftUpdateCheck = 1200;
				LastUpgradeCheck = 1200;
				TargetAttributes = {
					8A95ECE124B6AAD8000A2CC5 = {
						CreatedOnToolsVersion = 12.0;
					};
					8A95ECF224B6AADA000A2CC5 = {
						CreatedOnToolsVersion = 12.0;
						TestTargetID = 8A95ECE124B6AAD8000A2CC5;
					};
					8A95ECFD24B6AADA000A2CC5 = {
						CreatedOnToolsVersion = 12.0;
						TestTargetID = 8A95ECE124B6AAD8000A2CC5;
					};
				};
			};
			buildConfigurationList = 8A95ECDD24B6AAD8000A2CC5 /* Build configuration list for PBXProject "QuickSwap" */;
			compatibilityVersion = "Xcode 9.3";
			developmentRegion = en;
			hasScannedForEncodings = 0;
			knownRegions = (
				en,
				Base,
			);
			mainGroup = 8A95ECD924B6AAD8000A2CC5;
			productRefGroup = 8A95ECE324B6AAD8000A2CC5 /* Products */;
			projectDirPath = "";
			projectRoot = "";
			targets = (
				8A95ECE124B6AAD8000A2CC5 /* QuickSwap */,
				8A95ECF224B6AADA000A2CC5 /* QuickSwapTests */,
				8A95ECFD24B6AADA000A2CC5 /* QuickSwapUITests */,
			);
		};
/* End PBXProject section */

/* Begin PBXResourcesBuildPhase section */
		8A95ECE024B6AAD8000A2CC5 /* Resources */ = {
			isa = PBXResourcesBuildPhase;
			buildActionMask = 2147483647;
			files = (
				8A95ECED24B6AAD9000A2CC5 /* Preview Assets.xcassets in Resources */,
				8A95ECEA24B6AAD9000A2CC5 /* Assets.xcassets in Resources */,
			);
			runOnlyForDeploymentPostprocessing = 0;
		};
		8A95ECF124B6AADA000A2CC5 /* Resources */ = {
			isa = PBXResourcesBuildPhase;
			buildActionMask = 2147483647;
			files = (
			);
			runOnlyForDeploymentPostprocessing = 0;
		};
		8A95ECFC24B6AADA000A2CC5 /* Resources */ = {
			isa = PBXResourcesBuildPhase;
			buildActionMask = 2147483647;
			files = (
			);
			runOnlyForDeploymentPostprocessing = 0;
		};
/* End PBXResourcesBuildPhase section */

/* Begin PBXSourcesBuildPhase section */
		8A95ECDE24B6AAD8000A2CC5 /* Sources */ = {
			isa = PBXSourcesBuildPhase;
			buildActionMask = 2147483647;
			files = (
				8A95ED1824B8A3A0000A2CC5 /* CurrencyListView.swift in Sources */,
				8A95ED1624B88FD1000A2CC5 /* CurrencyRowView.swift in Sources */,
				8A95ED1124B6AB08000A2CC5 /* CurrencySwapView.swift in Sources */,
				8A95ED1D24B8B714000A2CC5 /* CurrencyModels.swift in Sources */,
				8A95ED2024B8BAE6000A2CC5 /* CurrencyService.swift in Sources */,
				8A95ECE824B6AAD8000A2CC5 /* ContentView.swift in Sources */,
				8A95ECE624B6AAD8000A2CC5 /* QuickSwapApp.swift in Sources */,
				8A95ED1A24B8B37A000A2CC5 /* CurrencyHeaderView.swift in Sources */,
			);
			runOnlyForDeploymentPostprocessing = 0;
		};
		8A95ECEF24B6AADA000A2CC5 /* Sources */ = {
			isa = PBXSourcesBuildPhase;
			buildActionMask = 2147483647;
			files = (
				8A95ECF824B6AADA000A2CC5 /* QuickSwapTests.swift in Sources */,
			);
			runOnlyForDeploymentPostprocessing = 0;
		};
		8A95ECFA24B6AADA000A2CC5 /* Sources */ = {
			isa = PBXSourcesBuildPhase;
			buildActionMask = 2147483647;
			files = (
				8A95ED0324B6AADA000A2CC5 /* QuickSwapUITests.swift in Sources */,
			);
			runOnlyForDeploymentPostprocessing = 0;
		};
/* End PBXSourcesBuildPhase section */

/* Begin PBXTargetDependency section */
		8A95ECF524B6AADA000A2CC5 /* PBXTargetDependency */ = {
			isa = PBXTargetDependency;
			target = 8A95ECE124B6AAD8000A2CC5 /* QuickSwap */;
			targetProxy = 8A95ECF424B6AADA000A2CC5 /* PBXContainerItemProxy */;
		};
		8A95ED0024B6AADA000A2CC5 /* PBXTargetDependency */ = {
			isa = PBXTargetDependency;
			target = 8A95ECE124B6AAD8000A2CC5 /* QuickSwap */;
			targetProxy = 8A95ECFF24B6AADA000A2CC5 /* PBXContainerItemProxy */;
		};
/* End PBXTargetDependency section */

/* Begin XCBuildConfiguration section */
		8A95ED0524B6AADA000A2CC5 /* Debug */ = {
			isa = XCBuildConfiguration;
			buildSettings = {
				ALWAYS_SEARCH_USER_PATHS = NO;
				CLANG_ANALYZER_NONNULL = YES;
				CLANG_ANALYZER_NUMBER_OBJECT_CONVERSION = YES_AGGRESSIVE;
				CLANG_CXX_LANGUAGE_STANDARD = "gnu++14";
				CLANG_CXX_LIBRARY = "libc++";
				CLANG_ENABLE_MODULES = YES;
				CLANG_ENABLE_OBJC_ARC = YES;
				CLANG_ENABLE_OBJC_WEAK = YES;
				CLANG_WARN_BLOCK_CAPTURE_AUTORELEASING = YES;
				CLANG_WARN_BOOL_CONVERSION = YES;
				CLANG_WARN_COMMA = YES;
				CLANG_WARN_CONSTANT_CONVERSION = YES;
				CLANG_WARN_DEPRECATED_OBJC_IMPLEMENTATIONS = YES;
				CLANG_WARN_DIRECT_OBJC_ISA_USAGE = YES_ERROR;
				CLANG_WARN_DOCUMENTATION_COMMENTS = YES;
				CLANG_WARN_EMPTY_BODY = YES;
				CLANG_WARN_ENUM_CONVERSION = YES;
				CLANG_WARN_INFINITE_RECURSION = YES;
				CLANG_WARN_INT_CONVERSION = YES;
				CLANG_WARN_NON_LITERAL_NULL_CONVERSION = YES;
				CLANG_WARN_OBJC_IMPLICIT_RETAIN_SELF = YES;
				CLANG_WARN_OBJC_LITERAL_CONVERSION = YES;
				CLANG_WARN_OBJC_ROOT_CLASS = YES_ERROR;
				CLANG_WARN_QUOTED_INCLUDE_IN_FRAMEWORK_HEADER = YES;
				CLANG_WARN_RANGE_LOOP_ANALYSIS = YES;
				CLANG_WARN_STRICT_PROTOTYPES = YES;
				CLANG_WARN_SUSPICIOUS_MOVE = YES;
				CLANG_WARN_UNGUARDED_AVAILABILITY = YES_AGGRESSIVE;
				CLANG_WARN_UNREACHABLE_CODE = YES;
				CLANG_WARN__DUPLICATE_METHOD_MATCH = YES;
				COPY_PHASE_STRIP = NO;
				DEBUG_INFORMATION_FORMAT = dwarf;
				ENABLE_STRICT_OBJC_MSGSEND = YES;
				ENABLE_TESTABILITY = YES;
				GCC_C_LANGUAGE_STANDARD = gnu11;
				GCC_DYNAMIC_NO_PIC = NO;
				GCC_NO_COMMON_BLOCKS = YES;
				GCC_OPTIMIZATION_LEVEL = 0;
				GCC_PREPROCESSOR_DEFINITIONS = (
					"DEBUG=1",
					"$(inherited)",
				);
				GCC_WARN_64_TO_32_BIT_CONVERSION = YES;
				GCC_WARN_ABOUT_RETURN_TYPE = YES_ERROR;
				GCC_WARN_UNDECLARED_SELECTOR = YES;
				GCC_WARN_UNINITIALIZED_AUTOS = YES_AGGRESSIVE;
				GCC_WARN_UNUSED_FUNCTION = YES;
				GCC_WARN_UNUSED_VARIABLE = YES;
				IPHONEOS_DEPLOYMENT_TARGET = 14.0;
				MTL_ENABLE_DEBUG_INFO = INCLUDE_SOURCE;
				MTL_FAST_MATH = YES;
				ONLY_ACTIVE_ARCH = YES;
				SDKROOT = iphoneos;
				SWIFT_ACTIVE_COMPILATION_CONDITIONS = DEBUG;
				SWIFT_OPTIMIZATION_LEVEL = "-Onone";
			};
			name = Debug;
		};
		8A95ED0624B6AADA000A2CC5 /* Release */ = {
			isa = XCBuildConfiguration;
			buildSettings = {
				ALWAYS_SEARCH_USER_PATHS = NO;
				CLANG_ANALYZER_NONNULL = YES;
				CLANG_ANALYZER_NUMBER_OBJECT_CONVERSION = YES_AGGRESSIVE;
				CLANG_CXX_LANGUAGE_STANDARD = "gnu++14";
				CLANG_CXX_LIBRARY = "libc++";
				CLANG_ENABLE_MODULES = YES;
				CLANG_ENABLE_OBJC_ARC = YES;
				CLANG_ENABLE_OBJC_WEAK = YES;
				CLANG_WARN_BLOCK_CAPTURE_AUTORELEASING = YES;
				CLANG_WARN_BOOL_CONVERSION = YES;
				CLANG_WARN_COMMA = YES;
				CLANG_WARN_CONSTANT_CONVERSION = YES;
				CLANG_WARN_DEPRECATED_OBJC_IMPLEMENTATIONS = YES;
				CLANG_WARN_DIRECT_OBJC_ISA_USAGE = YES_ERROR;
				CLANG_WARN_DOCUMENTATION_COMMENTS = YES;
				CLANG_WARN_EMPTY_BODY = YES;
				CLANG_WARN_ENUM_CONVERSION = YES;
				CLANG_WARN_INFINITE_RECURSION = YES;
				CLANG_WARN_INT_CONVERSION = YES;
				CLANG_WARN_NON_LITERAL_NULL_CONVERSION = YES;
				CLANG_WARN_OBJC_IMPLICIT_RETAIN_SELF = YES;
				CLANG_WARN_OBJC_LITERAL_CONVERSION = YES;
				CLANG_WARN_OBJC_ROOT_CLASS = YES_ERROR;
				CLANG_WARN_QUOTED_INCLUDE_IN_FRAMEWORK_HEADER = YES;
				CLANG_WARN_RANGE_LOOP_ANALYSIS = YES;
				CLANG_WARN_STRICT_PROTOTYPES = YES;
				CLANG_WARN_SUSPICIOUS_MOVE = YES;
				CLANG_WARN_UNGUARDED_AVAILABILITY = YES_AGGRESSIVE;
				CLANG_WARN_UNREACHABLE_CODE = YES;
				CLANG_WARN__DUPLICATE_METHOD_MATCH = YES;
				COPY_PHASE_STRIP = NO;
				DEBUG_INFORMATION_FORMAT = "dwarf-with-dsym";
				ENABLE_NS_ASSERTIONS = NO;
				ENABLE_STRICT_OBJC_MSGSEND = YES;
				GCC_C_LANGUAGE_STANDARD = gnu11;
				GCC_NO_COMMON_BLOCKS = YES;
				GCC_WARN_64_TO_32_BIT_CONVERSION = YES;
				GCC_WARN_ABOUT_RETURN_TYPE = YES_ERROR;
				GCC_WARN_UNDECLARED_SELECTOR = YES;
				GCC_WARN_UNINITIALIZED_AUTOS = YES_AGGRESSIVE;
				GCC_WARN_UNUSED_FUNCTION = YES;
				GCC_WARN_UNUSED_VARIABLE = YES;
				IPHONEOS_DEPLOYMENT_TARGET = 14.0;
				MTL_ENABLE_DEBUG_INFO = NO;
				MTL_FAST_MATH = YES;
				SDKROOT = iphoneos;
				SWIFT_COMPILATION_MODE = wholemodule;
				SWIFT_OPTIMIZATION_LEVEL = "-O";
				VALIDATE_PRODUCT = YES;
			};
			name = Release;
		};
		8A95ED0824B6AADA000A2CC5 /* Debug */ = {
			isa = XCBuildConfiguration;
			buildSettings = {
				ASSETCATALOG_COMPILER_APPICON_NAME = AppIcon;
				ASSETCATALOG_COMPILER_GLOBAL_ACCENT_COLOR_NAME = AccentColor;
				CODE_SIGN_STYLE = Automatic;
				DEVELOPMENT_ASSET_PATHS = "\"QuickSwap/Preview Content\"";
				DEVELOPMENT_TEAM = DN4YYLH3ST;
				ENABLE_PREVIEWS = YES;
				INFOPLIST_FILE = QuickSwap/Info.plist;
				IPHONEOS_DEPLOYMENT_TARGET = 14.0;
				LD_RUNPATH_SEARCH_PATHS = (
					"$(inherited)",
					"@executable_path/Frameworks",
				);
				PRODUCT_BUNDLE_IDENTIFIER = com.offthecode.QuickSwap;
				PRODUCT_NAME = "$(TARGET_NAME)";
				SWIFT_VERSION = 5.0;
				TARGETED_DEVICE_FAMILY = "1,2";
			};
			name = Debug;
		};
		8A95ED0924B6AADA000A2CC5 /* Release */ = {
			isa = XCBuildConfiguration;
			buildSettings = {
				ASSETCATALOG_COMPILER_APPICON_NAME = AppIcon;
				ASSETCATALOG_COMPILER_GLOBAL_ACCENT_COLOR_NAME = AccentColor;
				CODE_SIGN_STYLE = Automatic;
				DEVELOPMENT_ASSET_PATHS = "\"QuickSwap/Preview Content\"";
				DEVELOPMENT_TEAM = DN4YYLH3ST;
				ENABLE_PREVIEWS = YES;
				INFOPLIST_FILE = QuickSwap/Info.plist;
				IPHONEOS_DEPLOYMENT_TARGET = 14.0;
				LD_RUNPATH_SEARCH_PATHS = (
					"$(inherited)",
					"@executable_path/Frameworks",
				);
				PRODUCT_BUNDLE_IDENTIFIER = com.offthecode.QuickSwap;
				PRODUCT_NAME = "$(TARGET_NAME)";
				SWIFT_VERSION = 5.0;
				TARGETED_DEVICE_FAMILY = "1,2";
			};
			name = Release;
		};
		8A95ED0B24B6AADA000A2CC5 /* Debug */ = {
			isa = XCBuildConfiguration;
			buildSettings = {
				ALWAYS_EMBED_SWIFT_STANDARD_LIBRARIES = YES;
				BUNDLE_LOADER = "$(TEST_HOST)";
				CODE_SIGN_STYLE = Automatic;
				DEVELOPMENT_TEAM = DN4YYLH3ST;
				INFOPLIST_FILE = QuickSwapTests/Info.plist;
				IPHONEOS_DEPLOYMENT_TARGET = 14.0;
				LD_RUNPATH_SEARCH_PATHS = (
					"$(inherited)",
					"@executable_path/Frameworks",
					"@loader_path/Frameworks",
				);
				PRODUCT_BUNDLE_IDENTIFIER = com.offthecode.QuickSwapTests;
				PRODUCT_NAME = "$(TARGET_NAME)";
				SWIFT_VERSION = 5.0;
				TARGETED_DEVICE_FAMILY = "1,2";
				TEST_HOST = "$(BUILT_PRODUCTS_DIR)/QuickSwap.app/QuickSwap";
			};
			name = Debug;
		};
		8A95ED0C24B6AADA000A2CC5 /* Release */ = {
			isa = XCBuildConfiguration;
			buildSettings = {
				ALWAYS_EMBED_SWIFT_STANDARD_LIBRARIES = YES;
				BUNDLE_LOADER = "$(TEST_HOST)";
				CODE_SIGN_STYLE = Automatic;
				DEVELOPMENT_TEAM = DN4YYLH3ST;
				INFOPLIST_FILE = QuickSwapTests/Info.plist;
				IPHONEOS_DEPLOYMENT_TARGET = 14.0;
				LD_RUNPATH_SEARCH_PATHS = (
					"$(inherited)",
					"@executable_path/Frameworks",
					"@loader_path/Frameworks",
				);
				PRODUCT_BUNDLE_IDENTIFIER = com.offthecode.QuickSwapTests;
				PRODUCT_NAME = "$(TARGET_NAME)";
				SWIFT_VERSION = 5.0;
				TARGETED_DEVICE_FAMILY = "1,2";
				TEST_HOST = "$(BUILT_PRODUCTS_DIR)/QuickSwap.app/QuickSwap";
			};
			name = Release;
		};
		8A95ED0E24B6AADA000A2CC5 /* Debug */ = {
			isa = XCBuildConfiguration;
			buildSettings = {
				ALWAYS_EMBED_SWIFT_STANDARD_LIBRARIES = YES;
				CODE_SIGN_STYLE = Automatic;
				DEVELOPMENT_TEAM = DN4YYLH3ST;
				INFOPLIST_FILE = QuickSwapUITests/Info.plist;
				LD_RUNPATH_SEARCH_PATHS = (
					"$(inherited)",
					"@executable_path/Frameworks",
					"@loader_path/Frameworks",
				);
				PRODUCT_BUNDLE_IDENTIFIER = com.offthecode.QuickSwapUITests;
				PRODUCT_NAME = "$(TARGET_NAME)";
				SWIFT_VERSION = 5.0;
				TARGETED_DEVICE_FAMILY = "1,2";
				TEST_TARGET_NAME = QuickSwap;
			};
			name = Debug;
		};
		8A95ED0F24B6AADA000A2CC5 /* Release */ = {
			isa = XCBuildConfiguration;
			buildSettings = {
				ALWAYS_EMBED_SWIFT_STANDARD_LIBRARIES = YES;
				CODE_SIGN_STYLE = Automatic;
				DEVELOPMENT_TEAM = DN4YYLH3ST;
				INFOPLIST_FILE = QuickSwapUITests/Info.plist;
				LD_RUNPATH_SEARCH_PATHS = (
					"$(inherited)",
					"@executable_path/Frameworks",
					"@loader_path/Frameworks",
				);
				PRODUCT_BUNDLE_IDENTIFIER = com.offthecode.QuickSwapUITests;
				PRODUCT_NAME = "$(TARGET_NAME)";
				SWIFT_VERSION = 5.0;
				TARGETED_DEVICE_FAMILY = "1,2";
				TEST_TARGET_NAME = QuickSwap;
			};
			name = Release;
		};
/* End XCBuildConfiguration section */

/* Begin XCConfigurationList section */
		8A95ECDD24B6AAD8000A2CC5 /* Build configuration list for PBXProject "QuickSwap" */ = {
			isa = XCConfigurationList;
			buildConfigurations = (
				8A95ED0524B6AADA000A2CC5 /* Debug */,
				8A95ED0624B6AADA000A2CC5 /* Release */,
			);
			defaultConfigurationIsVisible = 0;
			defaultConfigurationName = Release;
		};
		8A95ED0724B6AADA000A2CC5 /* Build configuration list for PBXNativeTarget "QuickSwap" */ = {
			isa = XCConfigurationList;
			buildConfigurations = (
				8A95ED0824B6AADA000A2CC5 /* Debug */,
				8A95ED0924B6AADA000A2CC5 /* Release */,
			);
			defaultConfigurationIsVisible = 0;
			defaultConfigurationName = Release;
		};
		8A95ED0A24B6AADA000A2CC5 /* Build configuration list for PBXNativeTarget "QuickSwapTests" */ = {
			isa = XCConfigurationList;
			buildConfigurations = (
				8A95ED0B24B6AADA000A2CC5 /* Debug */,
				8A95ED0C24B6AADA000A2CC5 /* Release */,
			);
			defaultConfigurationIsVisible = 0;
			defaultConfigurationName = Release;
		};
		8A95ED0D24B6AADA000A2CC5 /* Build configuration list for PBXNativeTarget "QuickSwapUITests" */ = {
			isa = XCConfigurationList;
			buildConfigurations = (
				8A95ED0E24B6AADA000A2CC5 /* Debug */,
				8A95ED0F24B6AADA000A2CC5 /* Release */,
			);
			defaultConfigurationIsVisible = 0;
			defaultConfigurationName = Release;
		};
/* End XCConfigurationList section */
	};
	rootObject = 8A95ECDA24B6AAD8000A2CC5 /* Project object */;
}
